// !$*UTF8*$!
{
	archiveVersion = 1;
	classes = {
	};
	objectVersion = 46;
	objects = {

/* Begin PBXBuildFile section */
		D011F3F41F2EC98600D0681A /* main.m in Sources */ = {isa = PBXBuildFile; fileRef = D011F3F31F2EC98600D0681A /* main.m */; };
		D011F3F71F2EC98600D0681A /* AppDelegate.m in Sources */ = {isa = PBXBuildFile; fileRef = D011F3F61F2EC98600D0681A /* AppDelegate.m */; };
		D011F3FA1F2EC98600D0681A /* ViewController.m in Sources */ = {isa = PBXBuildFile; fileRef = D011F3F91F2EC98600D0681A /* ViewController.m */; };
		D011F3FD1F2EC98600D0681A /* Main.storyboard in Resources */ = {isa = PBXBuildFile; fileRef = D011F3FB1F2EC98600D0681A /* Main.storyboard */; };
		D011F3FF1F2EC98600D0681A /* Assets.xcassets in Resources */ = {isa = PBXBuildFile; fileRef = D011F3FE1F2EC98600D0681A /* Assets.xcassets */; };
		D011F4021F2EC98600D0681A /* LaunchScreen.storyboard in Resources */ = {isa = PBXBuildFile; fileRef = D011F4001F2EC98600D0681A /* LaunchScreen.storyboard */; };
		D011F40D1F2ECA4900D0681A /* OutLayerCode.framework in Frameworks */ = {isa = PBXBuildFile; fileRef = D011F40C1F2ECA4900D0681A /* OutLayerCode.framework */; };
/* End PBXBuildFile section */

/* Begin PBXFileReference section */
		D011F3EF1F2EC98600D0681A /* DoSomething.app */ = {isa = PBXFileReference; explicitFileType = wrapper.application; includeInIndex = 0; path = DoSomething.app; sourceTree = BUILT_PRODUCTS_DIR; };
		D011F3F31F2EC98600D0681A /* main.m */ = {isa = PBXFileReference; lastKnownFileType = sourcecode.c.objc; path = main.m; sourceTree = "<group>"; };
		D011F3F51F2EC98600D0681A /* AppDelegate.h */ = {isa = PBXFileReference; lastKnownFileType = sourcecode.c.h; path = AppDelegate.h; sourceTree = "<group>"; };
		D011F3F61F2EC98600D0681A /* AppDelegate.m */ = {isa = PBXFileReference; lastKnownFileType = sourcecode.c.objc; path = AppDelegate.m; sourceTree = "<group>"; };
		D011F3F81F2EC98600D0681A /* ViewController.h */ = {isa = PBXFileReference; lastKnownFileType = sourcecode.c.h; path = ViewController.h; sourceTree = "<group>"; };
		D011F3F91F2EC98600D0681A /* ViewController.m */ = {isa = PBXFileReference; lastKnownFileType = sourcecode.c.objc; path = ViewController.m; sourceTree = "<group>"; };
		D011F3FC1F2EC98600D0681A /* Base */ = {isa = PBXFileReference; lastKnownFileType = file.storyboard; name = Base; path = Base.lproj/Main.storyboard; sourceTree = "<group>"; };
		D011F3FE1F2EC98600D0681A /* Assets.xcassets */ = {isa = PBXFileReference; lastKnownFileType = folder.assetcatalog; path = Assets.xcassets; sourceTree = "<group>"; };
		D011F4011F2EC98600D0681A /* Base */ = {isa = PBXFileReference; lastKnownFileType = file.storyboard; name = Base; path = Base.lproj/LaunchScreen.storyboard; sourceTree = "<group>"; };
		D011F4031F2EC98600D0681A /* Info.plist */ = {isa = PBXFileReference; lastKnownFileType = text.plist.xml; path = Info.plist; sourceTree = "<group>"; };
		D011F40C1F2ECA4900D0681A /* OutLayerCode.framework */ = {isa = PBXFileReference; lastKnownFileType = wrapper.framework; name = OutLayerCode.framework; path = "../../Library/Developer/Xcode/DerivedData/Demo-gdhelheopmcvgwadajzapnhqnybn/Build/Products/Debug-iphoneos/OutLayerCode.framework"; sourceTree = "<group>"; };
/* End PBXFileReference section */

/* Begin PBXFrameworksBuildPhase section */
		D011F3EC1F2EC98600D0681A /* Frameworks */ = {
			isa = PBXFrameworksBuildPhase;
			buildActionMask = 2147483647;
			files = (
				D011F40D1F2ECA4900D0681A /* OutLayerCode.framework in Frameworks */,
			);
			runOnlyForDeploymentPostprocessing = 0;
		};
/* End PBXFrameworksBuildPhase section */

/* Begin PBXGroup section */
		D011F3E61F2EC98600D0681A = {
			isa = PBXGroup;
			children = (
				D011F3F11F2EC98600D0681A /* DoSomething */,
				D011F3F01F2EC98600D0681A /* Products */,
				D011F4091F2EC9C300D0681A /* Frameworks */,
			);
			sourceTree = "<group>";
		};
		D011F3F01F2EC98600D0681A /* Products */ = {
			isa = PBXGroup;
			children = (
				D011F3EF1F2EC98600D0681A /* DoSomething.app */,
			);
			name = Products;
			sourceTree = "<group>";
		};
		D011F3F11F2EC98600D0681A /* DoSomething */ = {
			isa = PBXGroup;
			children = (
				D011F3F51F2EC98600D0681A /* AppDelegate.h */,
				D011F3F61F2EC98600D0681A /* AppDelegate.m */,
				D011F3F81F2EC98600D0681A /* ViewController.h */,
				D011F3F91F2EC98600D0681A /* ViewController.m */,
				D011F3FB1F2EC98600D0681A /* Main.storyboard */,
				D011F3FE1F2EC98600D0681A /* Assets.xcassets */,
				D011F4001F2EC98600D0681A /* LaunchScreen.storyboard */,
				D011F4031F2EC98600D0681A /* Info.plist */,
				D011F3F21F2EC98600D0681A /* Supporting Files */,
			);
			path = DoSomething;
			sourceTree = "<group>";
		};
		D011F3F21F2EC98600D0681A /* Supporting Files */ = {
			isa = PBXGroup;
			children = (
				D011F3F31F2EC98600D0681A /* main.m */,
			);
			name = "Supporting Files";
			sourceTree = "<group>";
		};
		D011F4091F2EC9C300D0681A /* Frameworks */ = {
			isa = PBXGroup;
			children = (
				D011F40C1F2ECA4900D0681A /* OutLayerCode.framework */,
			);
			name = Frameworks;
			sourceTree = "<group>";
		};
/* End PBXGroup section */

/* Begin PBXNativeTarget section */
		D011F3EE1F2EC98600D0681A /* DoSomething */ = {
			isa = PBXNativeTarget;
			buildConfigurationList = D011F4061F2EC98600D0681A /* Build configuration list for PBXNativeTarget "DoSomething" */;
			buildPhases = (
				D011F3EB1F2EC98600D0681A /* Sources */,
				D011F3EC1F2EC98600D0681A /* Frameworks */,
				D011F3ED1F2EC98600D0681A /* Resources */,
			);
			buildRules = (
			);
			dependencies = (
			);
			name = DoSomething;
			productName = DoSomething;
			productReference = D011F3EF1F2EC98600D0681A /* DoSomething.app */;
			productType = "com.apple.product-type.application";
		};
/* End PBXNativeTarget section */

/* Begin PBXProject section */
		D011F3E71F2EC98600D0681A /* Project object */ = {
			isa = PBXProject;
			attributes = {
				LastUpgradeCheck = 0830;
				ORGANIZATIONNAME = megvii;
				TargetAttributes = {
					D011F3EE1F2EC98600D0681A = {
						CreatedOnToolsVersion = 8.3.3;
						DevelopmentTeam = F4LXZEHY23;
						ProvisioningStyle = Manual;
					};
				};
			};
			buildConfigurationList = D011F3EA1F2EC98600D0681A /* Build configuration list for PBXProject "DoSomething" */;
			compatibilityVersion = "Xcode 3.2";
			developmentRegion = English;
			hasScannedForEncodings = 0;
			knownRegions = (
				en,
				Base,
			);
			mainGroup = D011F3E61F2EC98600D0681A;
			productRefGroup = D011F3F01F2EC98600D0681A /* Products */;
			projectDirPath = "";
			projectRoot = "";
			targets = (
				D011F3EE1F2EC98600D0681A /* DoSomething */,
			);
		};
/* End PBXProject section */

/* Begin PBXResourcesBuildPhase section */
		D011F3ED1F2EC98600D0681A /* Resources */ = {
			isa = PBXResourcesBuildPhase;
			buildActionMask = 2147483647;
			files = (
				D011F4021F2EC98600D0681A /* LaunchScreen.storyboard in Resources */,
				D011F3FF1F2EC98600D0681A /* Assets.xcassets in Resources */,
				D011F3FD1F2EC98600D0681A /* Main.storyboard in Resources */,
			);
			runOnlyForDeploymentPostprocessing = 0;
		};
/* End PBXResourcesBuildPhase section */

/* Begin PBXSourcesBuildPhase section */
		D011F3EB1F2EC98600D0681A /* Sources */ = {
			isa = PBXSourcesBuildPhase;
			buildActionMask = 2147483647;
			files = (
				D011F3FA1F2EC98600D0681A /* ViewController.m in Sources */,
				D011F3F71F2EC98600D0681A /* AppDelegate.m in Sources */,
				D011F3F41F2EC98600D0681A /* main.m in Sources */,
			);
			runOnlyForDeploymentPostprocessing = 0;
		};
/* End PBXSourcesBuildPhase section */

/* Begin PBXVariantGroup section */
		D011F3FB1F2EC98600D0681A /* Main.storyboard */ = {
			isa = PBXVariantGroup;
			children = (
				D011F3FC1F2EC98600D0681A /* Base */,
			);
			name = Main.storyboard;
			sourceTree = "<group>";
		};
		D011F4001F2EC98600D0681A /* LaunchScreen.storyboard */ = {
			isa = PBXVariantGroup;
			children = (
				D011F4011F2EC98600D0681A /* Base */,
			);
			name = LaunchScreen.storyboard;
			sourceTree = "<group>";
		};
/* End PBXVariantGroup section */

/* Begin XCBuildConfiguration section */
		D011F4041F2EC98600D0681A /* Debug */ = {
			isa = XCBuildConfiguration;
			buildSettings = {
				ALWAYS_SEARCH_USER_PATHS = NO;
				CLANG_ANALYZER_NONNULL = YES;
				CLANG_ANALYZER_NUMBER_OBJECT_CONVERSION = YES_AGGRESSIVE;
				CLANG_CXX_LANGUAGE_STANDARD = "gnu++0x";
				CLANG_CXX_LIBRARY = "libc++";
				CLANG_ENABLE_MODULES = YES;
				CLANG_ENABLE_OBJC_ARC = YES;
				CLANG_WARN_BOOL_CONVERSION = YES;
				CLANG_WARN_CONSTANT_CONVERSION = YES;
				CLANG_WARN_DIRECT_OBJC_ISA_USAGE = YES_ERROR;
				CLANG_WARN_DOCUMENTATION_COMMENTS = YES;
				CLANG_WARN_EMPTY_BODY = YES;
				CLANG_WARN_ENUM_CONVERSION = YES;
				CLANG_WARN_INFINITE_RECURSION = YES;
				CLANG_WARN_INT_CONVERSION = YES;
				CLANG_WARN_OBJC_ROOT_CLASS = YES_ERROR;
				CLANG_WARN_SUSPICIOUS_MOVE = YES;
				CLANG_WARN_UNREACHABLE_CODE = YES;
				CLANG_WARN__DUPLICATE_METHOD_MATCH = YES;
				"CODE_SIGN_IDENTITY[sdk=iphoneos*]" = "iPhone Developer";
				COPY_PHASE_STRIP = NO;
				DEBUG_INFORMATION_FORMAT = dwarf;
				ENABLE_STRICT_OBJC_MSGSEND = YES;
				ENABLE_TESTABILITY = YES;
				GCC_C_LANGUAGE_STANDARD = gnu99;
				GCC_DYNAMIC_NO_PIC = NO;
				GCC_NO_COMMON_BLOCKS = YES;
				GCC_OPTIMIZATION_LEVEL = 0;
				GCC_PREPROCESSOR_DEFINITIONS = (
					"DEBUG=1",
					"$(inherited)",
				);
				GCC_WARN_64_TO_32_BIT_CONVERSION = YES;
				GCC_WARN_ABOUT_RETURN_TYPE = YES_ERROR;
				GCC_WARN_UNDECLARED_SELECTOR = YES;
				GCC_WARN_UNINITIALIZED_AUTOS = YES_AGGRESSIVE;
				GCC_WARN_UNUSED_FUNCTION = YES;
				GCC_WARN_UNUSED_VARIABLE = YES;
				IPHONEOS_DEPLOYMENT_TARGET = 10.3;
				MTL_ENABLE_DEBUG_INFO = YES;
				ONLY_ACTIVE_ARCH = YES;
				SDKROOT = iphoneos;
				TARGETED_DEVICE_FAMILY = "1,2";
			};
			name = Debug;
		};
		D011F4051F2EC98600D0681A /* Release */ = {
			isa = XCBuildConfiguration;
			buildSettings = {
				ALWAYS_SEARCH_USER_PATHS = NO;
				CLANG_ANALYZER_NONNULL = YES;
				CLANG_ANALYZER_NUMBER_OBJECT_CONVERSION = YES_AGGRESSIVE;
				CLANG_CXX_LANGUAGE_STANDARD = "gnu++0x";
				CLANG_CXX_LIBRARY = "libc++";
				CLANG_ENABLE_MODULES = YES;
				CLANG_ENABLE_OBJC_ARC = YES;
				CLANG_WARN_BOOL_CONVERSION = YES;
				CLANG_WARN_CONSTANT_CONVERSION = YES;
				CLANG_WARN_DIRECT_OBJC_ISA_USAGE = YES_ERROR;
				CLANG_WARN_DOCUMENTATION_COMMENTS = YES;
				CLANG_WARN_EMPTY_BODY = YES;
				CLANG_WARN_ENUM_CONVERSION = YES;
				CLANG_WARN_INFINITE_RECURSION = YES;
				CLANG_WARN_INT_CONVERSION = YES;
				CLANG_WARN_OBJC_ROOT_CLASS = YES_ERROR;
				CLANG_WARN_SUSPICIOUS_MOVE = YES;
				CLANG_WARN_UNREACHABLE_CODE = YES;
				CLANG_WARN__DUPLICATE_METHOD_MATCH = YES;
				"CODE_SIGN_IDENTITY[sdk=iphoneos*]" = "iPhone Developer";
				COPY_PHASE_STRIP = NO;
				DEBUG_INFORMATION_FORMAT = "dwarf-with-dsym";
				ENABLE_NS_ASSERTIONS = NO;
				ENABLE_STRICT_OBJC_MSGSEND = YES;
				GCC_C_LANGUAGE_STANDARD = gnu99;
				GCC_NO_COMMON_BLOCKS = YES;
				GCC_WARN_64_TO_32_BIT_CONVERSION = YES;
				GCC_WARN_ABOUT_RETURN_TYPE = YES_ERROR;
				GCC_WARN_UNDECLARED_SELECTOR = YES;
				GCC_WARN_UNINITIALIZED_AUTOS = YES_AGGRESSIVE;
				GCC_WARN_UNUSED_FUNCTION = YES;
				GCC_WARN_UNUSED_VARIABLE = YES;
				IPHONEOS_DEPLOYMENT_TARGET = 10.3;
				MTL_ENABLE_DEBUG_INFO = NO;
				SDKROOT = iphoneos;
				TARGETED_DEVICE_FAMILY = "1,2";
				VALIDATE_PRODUCT = YES;
			};
			name = Release;
		};
		D011F4071F2EC98600D0681A /* Debug */ = {
			isa = XCBuildConfiguration;
			buildSettings = {
				ASSETCATALOG_COMPILER_APPICON_NAME = AppIcon;
				DEVELOPMENT_TEAM = F4LXZEHY23;
				INFOPLIST_FILE = DoSomething/Info.plist;
				IPHONEOS_DEPLOYMENT_TARGET = 8.0;
				LD_RUNPATH_SEARCH_PATHS = "$(inherited) @executable_path/Frameworks";
				PRODUCT_BUNDLE_IDENTIFIER = com.megvii.DoSomething;
				PRODUCT_NAME = "$(TARGET_NAME)";
				PROVISIONING_PROFILE = "18d55f75-0073-44c9-8fd4-814be5aa4d3d";
				PROVISIONING_PROFILE_SPECIFIER = Megvii_wildcard;
			};
			name = Debug;
		};
		D011F4081F2EC98600D0681A /* Release */ = {
			isa = XCBuildConfiguration;
			buildSettings = {
				ASSETCATALOG_COMPILER_APPICON_NAME = AppIcon;
				DEVELOPMENT_TEAM = "";
				INFOPLIST_FILE = DoSomething/Info.plist;
				IPHONEOS_DEPLOYMENT_TARGET = 8.0;
				LD_RUNPATH_SEARCH_PATHS = "$(inherited) @executable_path/Frameworks";
				PRODUCT_BUNDLE_IDENTIFIER = com.megvii.DoSomething;
				PRODUCT_NAME = "$(TARGET_NAME)";
				PROVISIONING_PROFILE_SPECIFIER = "";
			};
			name = Release;
		};
/* End XCBuildConfiguration section */

/* Begin XCConfigurationList section */
		D011F3EA1F2EC98600D0681A /* Build configuration list for PBXProject "DoSomething" */ = {
			isa = XCConfigurationList;
			buildConfigurations = (
				D011F4041F2EC98600D0681A /* Debug */,
				D011F4051F2EC98600D0681A /* Release */,
			);
			defaultConfigurationIsVisible = 0;
			defaultConfigurationName = Release;
		};
		D011F4061F2EC98600D0681A /* Build configuration list for PBXNativeTarget "DoSomething" */ = {
			isa = XCConfigurationList;
			buildConfigurations = (
				D011F4071F2EC98600D0681A /* Debug */,
				D011F4081F2EC98600D0681A /* Release */,
			);
			defaultConfigurationIsVisible = 0;
			defaultConfigurationName = Release;
		};
/* End XCConfigurationList section */
	};
	rootObject = D011F3E71F2EC98600D0681A /* Project object */;
}
